schema: '2.0'
stages:
  download_2025_data:
    cmd: python download.py
    deps:
    - path: download.py
      hash: md5
      md5: 028e470b33f306cbd039224f822d8a37
      size: 1920
    outs:
    - path: data/archives.gov/2025
      hash: md5
      md5: 8fce3dd9234aee1ea3a0c7eb1740380b.dir
      size: 6468234801
      nfiles: 2182
